// !$*UTF8*$!
{
	archiveVersion = 1;
	classes = {
	};
	objectVersion = 56;
	objects = {

/* Begin PBXBuildFile section */
		64379F452BDCE2A300A68E8D /* FakeStoreApp.swift in Sources */ = {isa = PBXBuildFile; fileRef = 64379F442BDCE2A300A68E8D /* FakeStoreApp.swift */; };
		64379F472BDCE2A300A68E8D /* ContentView.swift in Sources */ = {isa = PBXBuildFile; fileRef = 64379F462BDCE2A300A68E8D /* ContentView.swift */; };
		64379F492BDCE2A500A68E8D /* Assets.xcassets in Resources */ = {isa = PBXBuildFile; fileRef = 64379F482BDCE2A500A68E8D /* Assets.xcassets */; };
		64379F4C2BDCE2A500A68E8D /* Preview Assets.xcassets in Resources */ = {isa = PBXBuildFile; fileRef = 64379F4B2BDCE2A500A68E8D /* Preview Assets.xcassets */; };
		64379F542BDCE4E000A68E8D /* Product.swift in Sources */ = {isa = PBXBuildFile; fileRef = 64379F532BDCE4E000A68E8D /* Product.swift */; };
		64379F572BDCE52C00A68E8D /* ApiClient.swift in Sources */ = {isa = PBXBuildFile; fileRef = 64379F562BDCE52C00A68E8D /* ApiClient.swift */; };
		64379F592BDCE5A400A68E8D /* Endpoints.swift in Sources */ = {isa = PBXBuildFile; fileRef = 64379F582BDCE5A400A68E8D /* Endpoints.swift */; };
		64379F5B2BDCE5D000A68E8D /* ProductManager.swift in Sources */ = {isa = PBXBuildFile; fileRef = 64379F5A2BDCE5D000A68E8D /* ProductManager.swift */; };
		64379F5E2BDCE64E00A68E8D /* ProductViewModel.swift in Sources */ = {isa = PBXBuildFile; fileRef = 64379F5D2BDCE64E00A68E8D /* ProductViewModel.swift */; };
		64379F602BDCE6B000A68E8D /* MainScreen.swift in Sources */ = {isa = PBXBuildFile; fileRef = 64379F5F2BDCE6B000A68E8D /* MainScreen.swift */; };
		64379F642BDCE6D900A68E8D /* ProductCell.swift in Sources */ = {isa = PBXBuildFile; fileRef = 64379F632BDCE6D900A68E8D /* ProductCell.swift */; };
		64379F662BDCE6F300A68E8D /* ProductDetailScreen.swift in Sources */ = {isa = PBXBuildFile; fileRef = 64379F652BDCE6F300A68E8D /* ProductDetailScreen.swift */; };
		64379F692BDCEA5A00A68E8D /* Kingfisher in Frameworks */ = {isa = PBXBuildFile; productRef = 64379F682BDCEA5A00A68E8D /* Kingfisher */; };
/* End PBXBuildFile section */

/* Begin PBXFileReference section */
		64379F412BDCE2A300A68E8D /* FakeStore.app */ = {isa = PBXFileReference; explicitFileType = wrapper.application; includeInIndex = 0; path = FakeStore.app; sourceTree = BUILT_PRODUCTS_DIR; };
		64379F442BDCE2A300A68E8D /* FakeStoreApp.swift */ = {isa = PBXFileReference; lastKnownFileType = sourcecode.swift; path = FakeStoreApp.swift; sourceTree = "<group>"; };
		64379F462BDCE2A300A68E8D /* ContentView.swift */ = {isa = PBXFileReference; lastKnownFileType = sourcecode.swift; path = ContentView.swift; sourceTree = "<group>"; };
		64379F482BDCE2A500A68E8D /* Assets.xcassets */ = {isa = PBXFileReference; lastKnownFileType = folder.assetcatalog; path = Assets.xcassets; sourceTree = "<group>"; };
		64379F4B2BDCE2A500A68E8D /* Preview Assets.xcassets */ = {isa = PBXFileReference; lastKnownFileType = folder.assetcatalog; path = "Preview Assets.xcassets"; sourceTree = "<group>"; };
		64379F532BDCE4E000A68E8D /* Product.swift */ = {isa = PBXFileReference; lastKnownFileType = sourcecode.swift; path = Product.swift; sourceTree = "<group>"; };
		64379F562BDCE52C00A68E8D /* ApiClient.swift */ = {isa = PBXFileReference; lastKnownFileType = sourcecode.swift; path = ApiClient.swift; sourceTree = "<group>"; };
		64379F582BDCE5A400A68E8D /* Endpoints.swift */ = {isa = PBXFileReference; lastKnownFileType = sourcecode.swift; path = Endpoints.swift; sourceTree = "<group>"; };
		64379F5A2BDCE5D000A68E8D /* ProductManager.swift */ = {isa = PBXFileReference; lastKnownFileType = sourcecode.swift; path = ProductManager.swift; sourceTree = "<group>"; };
		64379F5D2BDCE64E00A68E8D /* ProductViewModel.swift */ = {isa = PBXFileReference; lastKnownFileType = sourcecode.swift; path = ProductViewModel.swift; sourceTree = "<group>"; };
		64379F5F2BDCE6B000A68E8D /* MainScreen.swift */ = {isa = PBXFileReference; lastKnownFileType = sourcecode.swift; path = MainScreen.swift; sourceTree = "<group>"; };
		64379F632BDCE6D900A68E8D /* ProductCell.swift */ = {isa = PBXFileReference; lastKnownFileType = sourcecode.swift; path = ProductCell.swift; sourceTree = "<group>"; };
		64379F652BDCE6F300A68E8D /* ProductDetailScreen.swift */ = {isa = PBXFileReference; lastKnownFileType = sourcecode.swift; path = ProductDetailScreen.swift; sourceTree = "<group>"; };
/* End PBXFileReference section */

/* Begin PBXFrameworksBuildPhase section */
		64379F3E2BDCE2A300A68E8D /* Frameworks */ = {
			isa = PBXFrameworksBuildPhase;
			buildActionMask = 2147483647;
			files = (
				64379F692BDCEA5A00A68E8D /* Kingfisher in Frameworks */,
			);
			runOnlyForDeploymentPostprocessing = 0;
		};
/* End PBXFrameworksBuildPhase section */

/* Begin PBXGroup section */
		64379F382BDCE2A300A68E8D = {
			isa = PBXGroup;
			children = (
				64379F432BDCE2A300A68E8D /* FakeStore */,
				64379F422BDCE2A300A68E8D /* Products */,
			);
			sourceTree = "<group>";
		};
		64379F422BDCE2A300A68E8D /* Products */ = {
			isa = PBXGroup;
			children = (
				64379F412BDCE2A300A68E8D /* FakeStore.app */,
			);
			name = Products;
			sourceTree = "<group>";
		};
		64379F432BDCE2A300A68E8D /* FakeStore */ = {
			isa = PBXGroup;
			children = (
				64379F612BDCE6BC00A68E8D /* View */,
				64379F5C2BDCE63C00A68E8D /* ViewModel */,
				64379F552BDCE52000A68E8D /* ApiClient */,
				64379F522BDCE4D300A68E8D /* Model */,
				64379F442BDCE2A300A68E8D /* FakeStoreApp.swift */,
				64379F462BDCE2A300A68E8D /* ContentView.swift */,
				64379F482BDCE2A500A68E8D /* Assets.xcassets */,
				64379F4A2BDCE2A500A68E8D /* Preview Content */,
			);
			path = FakeStore;
			sourceTree = "<group>";
		};
		64379F4A2BDCE2A500A68E8D /* Preview Content */ = {
			isa = PBXGroup;
			children = (
				64379F4B2BDCE2A500A68E8D /* Preview Assets.xcassets */,
			);
			path = "Preview Content";
			sourceTree = "<group>";
		};
		64379F522BDCE4D300A68E8D /* Model */ = {
			isa = PBXGroup;
			children = (
				64379F532BDCE4E000A68E8D /* Product.swift */,
			);
			path = Model;
			sourceTree = "<group>";
		};
		64379F552BDCE52000A68E8D /* ApiClient */ = {
			isa = PBXGroup;
			children = (
				64379F6A2BDCEE4800A68E8D /* managers */,
				64379F562BDCE52C00A68E8D /* ApiClient.swift */,
				64379F582BDCE5A400A68E8D /* Endpoints.swift */,
			);
			path = ApiClient;
			sourceTree = "<group>";
		};
		64379F5C2BDCE63C00A68E8D /* ViewModel */ = {
			isa = PBXGroup;
			children = (
				64379F5D2BDCE64E00A68E8D /* ProductViewModel.swift */,
			);
			path = ViewModel;
			sourceTree = "<group>";
		};
		64379F612BDCE6BC00A68E8D /* View */ = {
			isa = PBXGroup;
			children = (
				64379F622BDCE6CB00A68E8D /* Cell */,
				64379F5F2BDCE6B000A68E8D /* MainScreen.swift */,
				64379F652BDCE6F300A68E8D /* ProductDetailScreen.swift */,
			);
			path = View;
			sourceTree = "<group>";
		};
		64379F622BDCE6CB00A68E8D /* Cell */ = {
			isa = PBXGroup;
			children = (
				64379F632BDCE6D900A68E8D /* ProductCell.swift */,
			);
			path = Cell;
			sourceTree = "<group>";
		};
		64379F6A2BDCEE4800A68E8D /* managers */ = {
			isa = PBXGroup;
			children = (
				64379F5A2BDCE5D000A68E8D /* ProductManager.swift */,
			);
			path = managers;
			sourceTree = "<group>";
		};
/* End PBXGroup section */

/* Begin PBXNativeTarget section */
		64379F402BDCE2A300A68E8D /* FakeStore */ = {
			isa = PBXNativeTarget;
			buildConfigurationList = 64379F4F2BDCE2A500A68E8D /* Build configuration list for PBXNativeTarget "FakeStore" */;
			buildPhases = (
				64379F3D2BDCE2A300A68E8D /* Sources */,
				64379F3E2BDCE2A300A68E8D /* Frameworks */,
				64379F3F2BDCE2A300A68E8D /* Resources */,
			);
			buildRules = (
			);
			dependencies = (
			);
			name = FakeStore;
			packageProductDependencies = (
				64379F682BDCEA5A00A68E8D /* Kingfisher */,
			);
			productName = FakeStore;
			productReference = 64379F412BDCE2A300A68E8D /* FakeStore.app */;
			productType = "com.apple.product-type.application";
		};
/* End PBXNativeTarget section */

/* Begin PBXProject section */
		64379F392BDCE2A300A68E8D /* Project object */ = {
			isa = PBXProject;
			attributes = {
				BuildIndependentTargetsInParallel = 1;
				LastSwiftUpdateCheck = 1520;
				LastUpgradeCheck = 1520;
				TargetAttributes = {
					64379F402BDCE2A300A68E8D = {
						CreatedOnToolsVersion = 15.2;
					};
				};
			};
			buildConfigurationList = 64379F3C2BDCE2A300A68E8D /* Build configuration list for PBXProject "FakeStore" */;
			compatibilityVersion = "Xcode 14.0";
			developmentRegion = en;
			hasScannedForEncodings = 0;
			knownRegions = (
				en,
				Base,
			);
			mainGroup = 64379F382BDCE2A300A68E8D;
			packageReferences = (
				64379F672BDCEA5A00A68E8D /* XCRemoteSwiftPackageReference "Kingfisher" */,
			);
			productRefGroup = 64379F422BDCE2A300A68E8D /* Products */;
			projectDirPath = "";
			projectRoot = "";
			targets = (
				64379F402BDCE2A300A68E8D /* FakeStore */,
			);
		};
/* End PBXProject section */

/* Begin PBXResourcesBuildPhase section */
		64379F3F2BDCE2A300A68E8D /* Resources */ = {
			isa = PBXResourcesBuildPhase;
			buildActionMask = 2147483647;
			files = (
				64379F4C2BDCE2A500A68E8D /* Preview Assets.xcassets in Resources */,
				64379F492BDCE2A500A68E8D /* Assets.xcassets in Resources */,
			);
			runOnlyForDeploymentPostprocessing = 0;
		};
/* End PBXResourcesBuildPhase section */

/* Begin PBXSourcesBuildPhase section */
		64379F3D2BDCE2A300A68E8D /* Sources */ = {
			isa = PBXSourcesBuildPhase;
			buildActionMask = 2147483647;
			files = (
				64379F662BDCE6F300A68E8D /* ProductDetailScreen.swift in Sources */,
				64379F602BDCE6B000A68E8D /* MainScreen.swift in Sources */,
				64379F5E2BDCE64E00A68E8D /* ProductViewModel.swift in Sources */,
				64379F472BDCE2A300A68E8D /* ContentView.swift in Sources */,
				64379F5B2BDCE5D000A68E8D /* ProductManager.swift in Sources */,
				64379F452BDCE2A300A68E8D /* FakeStoreApp.swift in Sources */,
				64379F542BDCE4E000A68E8D /* Product.swift in Sources */,
				64379F642BDCE6D900A68E8D /* ProductCell.swift in Sources */,
				64379F592BDCE5A400A68E8D /* Endpoints.swift in Sources */,
				64379F572BDCE52C00A68E8D /* ApiClient.swift in Sources */,
			);
			runOnlyForDeploymentPostprocessing = 0;
		};
/* End PBXSourcesBuildPhase section */

/* Begin XCBuildConfiguration section */
		64379F4D2BDCE2A500A68E8D /* Debug */ = {
			isa = XCBuildConfiguration;
			buildSettings = {
				ALWAYS_SEARCH_USER_PATHS = NO;
				ASSETCATALOG_COMPILER_GENERATE_SWIFT_ASSET_SYMBOL_EXTENSIONS = YES;
				CLANG_ANALYZER_NONNULL = YES;
				CLANG_ANALYZER_NUMBER_OBJECT_CONVERSION = YES_AGGRESSIVE;
				CLANG_CXX_LANGUAGE_STANDARD = "gnu++20";
				CLANG_ENABLE_MODULES = YES;
				CLANG_ENABLE_OBJC_ARC = YES;
				CLANG_ENABLE_OBJC_WEAK = YES;
				CLANG_WARN_BLOCK_CAPTURE_AUTORELEASING = YES;
				CLANG_WARN_BOOL_CONVERSION = YES;
				CLANG_WARN_COMMA = YES;
				CLANG_WARN_CONSTANT_CONVERSION = YES;
				CLANG_WARN_DEPRECATED_OBJC_IMPLEMENTATIONS = YES;
				CLANG_WARN_DIRECT_OBJC_ISA_USAGE = YES_ERROR;
				CLANG_WARN_DOCUMENTATION_COMMENTS = YES;
				CLANG_WARN_EMPTY_BODY = YES;
				CLANG_WARN_ENUM_CONVERSION = YES;
				CLANG_WARN_INFINITE_RECURSION = YES;
				CLANG_WARN_INT_CONVERSION = YES;
				CLANG_WARN_NON_LITERAL_NULL_CONVERSION = YES;
				CLANG_WARN_OBJC_IMPLICIT_RETAIN_SELF = YES;
				CLANG_WARN_OBJC_LITERAL_CONVERSION = YES;
				CLANG_WARN_OBJC_ROOT_CLASS = YES_ERROR;
				CLANG_WARN_QUOTED_INCLUDE_IN_FRAMEWORK_HEADER = YES;
				CLANG_WARN_RANGE_LOOP_ANALYSIS = YES;
				CLANG_WARN_STRICT_PROTOTYPES = YES;
				CLANG_WARN_SUSPICIOUS_MOVE = YES;
				CLANG_WARN_UNGUARDED_AVAILABILITY = YES_AGGRESSIVE;
				CLANG_WARN_UNREACHABLE_CODE = YES;
				CLANG_WARN__DUPLICATE_METHOD_MATCH = YES;
				COPY_PHASE_STRIP = NO;
				DEBUG_INFORMATION_FORMAT = dwarf;
				ENABLE_STRICT_OBJC_MSGSEND = YES;
				ENABLE_TESTABILITY = YES;
				ENABLE_USER_SCRIPT_SANDBOXING = YES;
				GCC_C_LANGUAGE_STANDARD = gnu17;
				GCC_DYNAMIC_NO_PIC = NO;
				GCC_NO_COMMON_BLOCKS = YES;
				GCC_OPTIMIZATION_LEVEL = 0;
				GCC_PREPROCESSOR_DEFINITIONS = (
					"DEBUG=1",
					"$(inherited)",
				);
				GCC_WARN_64_TO_32_BIT_CONVERSION = YES;
				GCC_WARN_ABOUT_RETURN_TYPE = YES_ERROR;
				GCC_WARN_UNDECLARED_SELECTOR = YES;
				GCC_WARN_UNINITIALIZED_AUTOS = YES_AGGRESSIVE;
				GCC_WARN_UNUSED_FUNCTION = YES;
				GCC_WARN_UNUSED_VARIABLE = YES;
				IPHONEOS_DEPLOYMENT_TARGET = 14;
				LOCALIZATION_PREFERS_STRING_CATALOGS = YES;
				MTL_ENABLE_DEBUG_INFO = INCLUDE_SOURCE;
				MTL_FAST_MATH = YES;
				ONLY_ACTIVE_ARCH = YES;
				SDKROOT = iphoneos;
				SWIFT_ACTIVE_COMPILATION_CONDITIONS = "DEBUG $(inherited)";
				SWIFT_OPTIMIZATION_LEVEL = "-Onone";
			};
			name = Debug;
		};
		64379F4E2BDCE2A500A68E8D /* Release */ = {
			isa = XCBuildConfiguration;
			buildSettings = {
				ALWAYS_SEARCH_USER_PATHS = NO;
				ASSETCATALOG_COMPILER_GENERATE_SWIFT_ASSET_SYMBOL_EXTENSIONS = YES;
				CLANG_ANALYZER_NONNULL = YES;
				CLANG_ANALYZER_NUMBER_OBJECT_CONVERSION = YES_AGGRESSIVE;
				CLANG_CXX_LANGUAGE_STANDARD = "gnu++20";
				CLANG_ENABLE_MODULES = YES;
				CLANG_ENABLE_OBJC_ARC = YES;
				CLANG_ENABLE_OBJC_WEAK = YES;
				CLANG_WARN_BLOCK_CAPTURE_AUTORELEASING = YES;
				CLANG_WARN_BOOL_CONVERSION = YES;
				CLANG_WARN_COMMA = YES;
				CLANG_WARN_CONSTANT_CONVERSION = YES;
				CLANG_WARN_DEPRECATED_OBJC_IMPLEMENTATIONS = YES;
				CLANG_WARN_DIRECT_OBJC_ISA_USAGE = YES_ERROR;
				CLANG_WARN_DOCUMENTATION_COMMENTS = YES;
				CLANG_WARN_EMPTY_BODY = YES;
				CLANG_WARN_ENUM_CONVERSION = YES;
				CLANG_WARN_INFINITE_RECURSION = YES;
				CLANG_WARN_INT_CONVERSION = YES;
				CLANG_WARN_NON_LITERAL_NULL_CONVERSION = YES;
				CLANG_WARN_OBJC_IMPLICIT_RETAIN_SELF = YES;
				CLANG_WARN_OBJC_LITERAL_CONVERSION = YES;
				CLANG_WARN_OBJC_ROOT_CLASS = YES_ERROR;
				CLANG_WARN_QUOTED_INCLUDE_IN_FRAMEWORK_HEADER = YES;
				CLANG_WARN_RANGE_LOOP_ANALYSIS = YES;
				CLANG_WARN_STRICT_PROTOTYPES = YES;
				CLANG_WARN_SUSPICIOUS_MOVE = YES;
				CLANG_WARN_UNGUARDED_AVAILABILITY = YES_AGGRESSIVE;
				CLANG_WARN_UNREACHABLE_CODE = YES;
				CLANG_WARN__DUPLICATE_METHOD_MATCH = YES;
				COPY_PHASE_STRIP = NO;
				DEBUG_INFORMATION_FORMAT = "dwarf-with-dsym";
				ENABLE_NS_ASSERTIONS = NO;
				ENABLE_STRICT_OBJC_MSGSEND = YES;
				ENABLE_USER_SCRIPT_SANDBOXING = YES;
				GCC_C_LANGUAGE_STANDARD = gnu17;
				GCC_NO_COMMON_BLOCKS = YES;
				GCC_WARN_64_TO_32_BIT_CONVERSION = YES;
				GCC_WARN_ABOUT_RETURN_TYPE = YES_ERROR;
				GCC_WARN_UNDECLARED_SELECTOR = YES;
				GCC_WARN_UNINITIALIZED_AUTOS = YES_AGGRESSIVE;
				GCC_WARN_UNUSED_FUNCTION = YES;
				GCC_WARN_UNUSED_VARIABLE = YES;
				IPHONEOS_DEPLOYMENT_TARGET = 14;
				LOCALIZATION_PREFERS_STRING_CATALOGS = YES;
				MTL_ENABLE_DEBUG_INFO = NO;
				MTL_FAST_MATH = YES;
				SDKROOT = iphoneos;
				SWIFT_COMPILATION_MODE = wholemodule;
				VALIDATE_PRODUCT = YES;
			};
			name = Release;
		};
		64379F502BDCE2A500A68E8D /* Debug */ = {
			isa = XCBuildConfiguration;
			buildSettings = {
				ASSETCATALOG_COMPILER_APPICON_NAME = AppIcon;
				ASSETCATALOG_COMPILER_GLOBAL_ACCENT_COLOR_NAME = AccentColor;
				CODE_SIGN_STYLE = Automatic;
				CURRENT_PROJECT_VERSION = 1;
				DEVELOPMENT_ASSET_PATHS = "\"FakeStore/Preview Content\"";
				DEVELOPMENT_TEAM = BQGN63TWVU;
				ENABLE_PREVIEWS = YES;
				GENERATE_INFOPLIST_FILE = YES;
				INFOPLIST_KEY_UIApplicationSceneManifest_Generation = YES;
				INFOPLIST_KEY_UIApplicationSupportsIndirectInputEvents = YES;
				INFOPLIST_KEY_UILaunchScreen_Generation = YES;
				INFOPLIST_KEY_UISupportedInterfaceOrientations_iPad = "UIInterfaceOrientationPortrait UIInterfaceOrientationPortraitUpsideDown UIInterfaceOrientationLandscapeLeft UIInterfaceOrientationLandscapeRight";
				INFOPLIST_KEY_UISupportedInterfaceOrientations_iPhone = "UIInterfaceOrientationPortrait UIInterfaceOrientationLandscapeLeft UIInterfaceOrientationLandscapeRight";
				IPHONEOS_DEPLOYMENT_TARGET = 14;
				LD_RUNPATH_SEARCH_PATHS = (
					"$(inherited)",
					"@executable_path/Frameworks",
				);
				MARKETING_VERSION = 1.0;
				PRODUCT_BUNDLE_IDENTIFIER = com.gt.FakeStore;
				PRODUCT_NAME = "$(TARGET_NAME)";
				SWIFT_EMIT_LOC_STRINGS = YES;
				SWIFT_VERSION = 5.0;
				TARGETED_DEVICE_FAMILY = "1,2";
			};
			name = Debug;
		};
		64379F512BDCE2A500A68E8D /* Release */ = {
			isa = XCBuildConfiguration;
			buildSettings = {
				ASSETCATALOG_COMPILER_APPICON_NAME = AppIcon;
				ASSETCATALOG_COMPILER_GLOBAL_ACCENT_COLOR_NAME = AccentColor;
				CODE_SIGN_STYLE = Automatic;
				CURRENT_PROJECT_VERSION = 1;
				DEVELOPMENT_ASSET_PATHS = "\"FakeStore/Preview Content\"";
				DEVELOPMENT_TEAM = BQGN63TWVU;
				ENABLE_PREVIEWS = YES;
				GENERATE_INFOPLIST_FILE = YES;
				INFOPLIST_KEY_UIApplicationSceneManifest_Generation = YES;
				INFOPLIST_KEY_UIApplicationSupportsIndirectInputEvents = YES;
				INFOPLIST_KEY_UILaunchScreen_Generation = YES;
				INFOPLIST_KEY_UISupportedInterfaceOrientations_iPad = "UIInterfaceOrientationPortrait UIInterfaceOrientationPortraitUpsideDown UIInterfaceOrientationLandscapeLeft UIInterfaceOrientationLandscapeRight";
				INFOPLIST_KEY_UISupportedInterfaceOrientations_iPhone = "UIInterfaceOrientationPortrait UIInterfaceOrientationLandscapeLeft UIInterfaceOrientationLandscapeRight";
				IPHONEOS_DEPLOYMENT_TARGET = 14;
				LD_RUNPATH_SEARCH_PATHS = (
					"$(inherited)",
					"@executable_path/Frameworks",
				);
				MARKETING_VERSION = 1.0;
				PRODUCT_BUNDLE_IDENTIFIER = com.gt.FakeStore;
				PRODUCT_NAME = "$(TARGET_NAME)";
				SWIFT_EMIT_LOC_STRINGS = YES;
				SWIFT_VERSION = 5.0;
				TARGETED_DEVICE_FAMILY = "1,2";
			};
			name = Release;
		};
/* End XCBuildConfiguration section */

/* Begin XCConfigurationList section */
		64379F3C2BDCE2A300A68E8D /* Build configuration list for PBXProject "FakeStore" */ = {
			isa = XCConfigurationList;
			buildConfigurations = (
				64379F4D2BDCE2A500A68E8D /* Debug */,
				64379F4E2BDCE2A500A68E8D /* Release */,
			);
			defaultConfigurationIsVisible = 0;
			defaultConfigurationName = Release;
		};
		64379F4F2BDCE2A500A68E8D /* Build configuration list for PBXNativeTarget "FakeStore" */ = {
			isa = XCConfigurationList;
			buildConfigurations = (
				64379F502BDCE2A500A68E8D /* Debug */,
				64379F512BDCE2A500A68E8D /* Release */,
			);
			defaultConfigurationIsVisible = 0;
			defaultConfigurationName = Release;
		};
/* End XCConfigurationList section */

/* Begin XCRemoteSwiftPackageReference section */
		64379F672BDCEA5A00A68E8D /* XCRemoteSwiftPackageReference "Kingfisher" */ = {
			isa = XCRemoteSwiftPackageReference;
			repositoryURL = "https://github.com/onevcat/Kingfisher.git";
			requirement = {
				kind = upToNextMajorVersion;
				minimumVersion = 7.11.0;
			};
		};
/* End XCRemoteSwiftPackageReference section */

/* Begin XCSwiftPackageProductDependency section */
		64379F682BDCEA5A00A68E8D /* Kingfisher */ = {
			isa = XCSwiftPackageProductDependency;
			package = 64379F672BDCEA5A00A68E8D /* XCRemoteSwiftPackageReference "Kingfisher" */;
			productName = Kingfisher;
		};
/* End XCSwiftPackageProductDependency section */
	};
	rootObject = 64379F392BDCE2A300A68E8D /* Project object */;
}
